
Microsoft Visual Studio Solution File, Format Version 12.00
# Visual Studio Version 17
VisualStudioVersion = 17.2.32526.322
MinimumVisualStudioVersion = 10.0.40219.1
Project("{888888A0-9F3D-457C-B088-3A5042F75D52}") = "logparser", "logparser.pyproj", "{D4DA4DCD-A518-4A2D-965F-A878099EAFD9}"
EndProject
Global
	GlobalSection(SolutionConfigurationPlatforms) = preSolution
		Debug|Any CPU = Debug|Any CPU
		Release|Any CPU = Release|Any CPU
	EndGlobalSection
	GlobalSection(ProjectConfigurationPlatforms) = postSolution
		{D4DA4DCD-A518-4A2D-965F-A878099EAFD9}.Debug|Any CPU.ActiveCfg = Debug|Any CPU
		{D4DA4DCD-A518-4A2D-965F-A878099EAFD9}.Release|Any CPU.ActiveCfg = Release|Any CPU
	EndGlobalSection
	GlobalSection(SolutionProperties) = preSolution
		HideSolutionNode = FALSE
	EndGlobalSection
	GlobalSection(ExtensibilityGlobals) = postSolution
		SolutionGuid = {C1EAE486-ABA2-4D0F-B1C7-894BC34A4107}
	EndGlobalSection
EndGlobal
